// !$*UTF8*$!
{
	archiveVersion = 1;
	classes = {
	};
	objectVersion = 46;
	objects = {

/* Begin PBXBuildFile section */
		9B84406F1D548267003993C0 /* main.m in Sources */ = {isa = PBXBuildFile; fileRef = 9B84406E1D548267003993C0 /* main.m */; };
		9B8440721D548267003993C0 /* AppDelegate.m in Sources */ = {isa = PBXBuildFile; fileRef = 9B8440711D548267003993C0 /* AppDelegate.m */; };
		9B8440751D548267003993C0 /* ViewController.m in Sources */ = {isa = PBXBuildFile; fileRef = 9B8440741D548267003993C0 /* ViewController.m */; };
		9B8440781D548267003993C0 /* Main.storyboard in Resources */ = {isa = PBXBuildFile; fileRef = 9B8440761D548267003993C0 /* Main.storyboard */; };
		9B84407A1D548267003993C0 /* Assets.xcassets in Resources */ = {isa = PBXBuildFile; fileRef = 9B8440791D548267003993C0 /* Assets.xcassets */; };
		9B84407D1D548267003993C0 /* LaunchScreen.storyboard in Resources */ = {isa = PBXBuildFile; fileRef = 9B84407B1D548267003993C0 /* LaunchScreen.storyboard */; };
		9B8440881D548267003993C0 /* ___Tests.m in Sources */ = {isa = PBXBuildFile; fileRef = 9B8440871D548267003993C0 /* ___Tests.m */; };
		9B8440931D548267003993C0 /* ___UITests.m in Sources */ = {isa = PBXBuildFile; fileRef = 9B8440921D548267003993C0 /* ___UITests.m */; };
		9B8440A61D548312003993C0 /* WZQalgorithmClass.m in Sources */ = {isa = PBXBuildFile; fileRef = 9B8440A11D548312003993C0 /* WZQalgorithmClass.m */; };
		9B8440A71D548312003993C0 /* WZQElement.m in Sources */ = {isa = PBXBuildFile; fileRef = 9B8440A31D548312003993C0 /* WZQElement.m */; };
		9B8440A81D548312003993C0 /* WZQGameCenter.m in Sources */ = {isa = PBXBuildFile; fileRef = 9B8440A51D548312003993C0 /* WZQGameCenter.m */; };
/* End PBXBuildFile section */

/* Begin PBXContainerItemProxy section */
		9B8440841D548267003993C0 /* PBXContainerItemProxy */ = {
			isa = PBXContainerItemProxy;
			containerPortal = 9B8440621D548266003993C0 /* Project object */;
			proxyType = 1;
			remoteGlobalIDString = 9B8440691D548266003993C0;
			remoteInfo = "五子棋";
		};
		9B84408F1D548267003993C0 /* PBXContainerItemProxy */ = {
			isa = PBXContainerItemProxy;
			containerPortal = 9B8440621D548266003993C0 /* Project object */;
			proxyType = 1;
			remoteGlobalIDString = 9B8440691D548266003993C0;
			remoteInfo = "五子棋";
		};
/* End PBXContainerItemProxy section */

/* Begin PBXFileReference section */
		9B84406A1D548266003993C0 /* 五子棋.app */ = {isa = PBXFileReference; explicitFileType = wrapper.application; includeInIndex = 0; path = "五子棋.app"; sourceTree = BUILT_PRODUCTS_DIR; };
		9B84406E1D548267003993C0 /* main.m */ = {isa = PBXFileReference; lastKnownFileType = sourcecode.c.objc; path = main.m; sourceTree = "<group>"; };
		9B8440701D548267003993C0 /* AppDelegate.h */ = {isa = PBXFileReference; lastKnownFileType = sourcecode.c.h; path = AppDelegate.h; sourceTree = "<group>"; };
		9B8440711D548267003993C0 /* AppDelegate.m */ = {isa = PBXFileReference; lastKnownFileType = sourcecode.c.objc; path = AppDelegate.m; sourceTree = "<group>"; };
		9B8440731D548267003993C0 /* ViewController.h */ = {isa = PBXFileReference; lastKnownFileType = sourcecode.c.h; path = ViewController.h; sourceTree = "<group>"; };
		9B8440741D548267003993C0 /* ViewController.m */ = {isa = PBXFileReference; lastKnownFileType = sourcecode.c.objc; path = ViewController.m; sourceTree = "<group>"; };
		9B8440771D548267003993C0 /* Base */ = {isa = PBXFileReference; lastKnownFileType = file.storyboard; name = Base; path = Base.lproj/Main.storyboard; sourceTree = "<group>"; };
		9B8440791D548267003993C0 /* Assets.xcassets */ = {isa = PBXFileReference; lastKnownFileType = folder.assetcatalog; path = Assets.xcassets; sourceTree = "<group>"; };
		9B84407C1D548267003993C0 /* Base */ = {isa = PBXFileReference; lastKnownFileType = file.storyboard; name = Base; path = Base.lproj/LaunchScreen.storyboard; sourceTree = "<group>"; };
		9B84407E1D548267003993C0 /* Info.plist */ = {isa = PBXFileReference; lastKnownFileType = text.plist.xml; path = Info.plist; sourceTree = "<group>"; };
		9B8440831D548267003993C0 /* 五子棋Tests.xctest */ = {isa = PBXFileReference; explicitFileType = wrapper.cfbundle; includeInIndex = 0; path = "五子棋Tests.xctest"; sourceTree = BUILT_PRODUCTS_DIR; };
		9B8440871D548267003993C0 /* ___Tests.m */ = {isa = PBXFileReference; lastKnownFileType = sourcecode.c.objc; path = "___Tests.m"; sourceTree = "<group>"; };
		9B8440891D548267003993C0 /* Info.plist */ = {isa = PBXFileReference; lastKnownFileType = text.plist.xml; path = Info.plist; sourceTree = "<group>"; };
		9B84408E1D548267003993C0 /* 五子棋UITests.xctest */ = {isa = PBXFileReference; explicitFileType = wrapper.cfbundle; includeInIndex = 0; path = "五子棋UITests.xctest"; sourceTree = BUILT_PRODUCTS_DIR; };
		9B8440921D548267003993C0 /* ___UITests.m */ = {isa = PBXFileReference; lastKnownFileType = sourcecode.c.objc; path = "___UITests.m"; sourceTree = "<group>"; };
		9B8440941D548267003993C0 /* Info.plist */ = {isa = PBXFileReference; lastKnownFileType = text.plist.xml; path = Info.plist; sourceTree = "<group>"; };
		9B8440A01D548312003993C0 /* WZQalgorithmClass.h */ = {isa = PBXFileReference; fileEncoding = 4; lastKnownFileType = sourcecode.c.h; path = WZQalgorithmClass.h; sourceTree = "<group>"; };
		9B8440A11D548312003993C0 /* WZQalgorithmClass.m */ = {isa = PBXFileReference; fileEncoding = 4; lastKnownFileType = sourcecode.c.objc; path = WZQalgorithmClass.m; sourceTree = "<group>"; };
		9B8440A21D548312003993C0 /* WZQElement.h */ = {isa = PBXFileReference; fileEncoding = 4; lastKnownFileType = sourcecode.c.h; path = WZQElement.h; sourceTree = "<group>"; };
		9B8440A31D548312003993C0 /* WZQElement.m */ = {isa = PBXFileReference; fileEncoding = 4; lastKnownFileType = sourcecode.c.objc; path = WZQElement.m; sourceTree = "<group>"; };
		9B8440A41D548312003993C0 /* WZQGameCenter.h */ = {isa = PBXFileReference; fileEncoding = 4; lastKnownFileType = sourcecode.c.h; path = WZQGameCenter.h; sourceTree = "<group>"; };
		9B8440A51D548312003993C0 /* WZQGameCenter.m */ = {isa = PBXFileReference; fileEncoding = 4; lastKnownFileType = sourcecode.c.objc; path = WZQGameCenter.m; sourceTree = "<group>"; };
/* End PBXFileReference section */

/* Begin PBXFrameworksBuildPhase section */
		9B8440671D548266003993C0 /* Frameworks */ = {
			isa = PBXFrameworksBuildPhase;
			buildActionMask = 2147483647;
			files = (
			);
			runOnlyForDeploymentPostprocessing = 0;
		};
		9B8440801D548267003993C0 /* Frameworks */ = {
			isa = PBXFrameworksBuildPhase;
			buildActionMask = 2147483647;
			files = (
			);
			runOnlyForDeploymentPostprocessing = 0;
		};
		9B84408B1D548267003993C0 /* Frameworks */ = {
			isa = PBXFrameworksBuildPhase;
			buildActionMask = 2147483647;
			files = (
			);
			runOnlyForDeploymentPostprocessing = 0;
		};
/* End PBXFrameworksBuildPhase section */

/* Begin PBXGroup section */
		9B8440611D548266003993C0 = {
			isa = PBXGroup;
			children = (
				9B84406C1D548267003993C0 /* 五子棋 */,
				9B8440861D548267003993C0 /* 五子棋Tests */,
				9B8440911D548267003993C0 /* 五子棋UITests */,
				9B84406B1D548266003993C0 /* Products */,
			);
			sourceTree = "<group>";
		};
		9B84406B1D548266003993C0 /* Products */ = {
			isa = PBXGroup;
			children = (
				9B84406A1D548266003993C0 /* 五子棋.app */,
				9B8440831D548267003993C0 /* 五子棋Tests.xctest */,
				9B84408E1D548267003993C0 /* 五子棋UITests.xctest */,
			);
			name = Products;
			sourceTree = "<group>";
		};
		9B84406C1D548267003993C0 /* 五子棋 */ = {
			isa = PBXGroup;
			children = (
				9B8440701D548267003993C0 /* AppDelegate.h */,
				9B8440711D548267003993C0 /* AppDelegate.m */,
				9B8440731D548267003993C0 /* ViewController.h */,
				9B8440741D548267003993C0 /* ViewController.m */,
				9B8440761D548267003993C0 /* Main.storyboard */,
				9B8440791D548267003993C0 /* Assets.xcassets */,
				9B84407B1D548267003993C0 /* LaunchScreen.storyboard */,
				9B84407E1D548267003993C0 /* Info.plist */,
				9B8440A01D548312003993C0 /* WZQalgorithmClass.h */,
				9B8440A11D548312003993C0 /* WZQalgorithmClass.m */,
				9B8440A21D548312003993C0 /* WZQElement.h */,
				9B8440A31D548312003993C0 /* WZQElement.m */,
				9B8440A41D548312003993C0 /* WZQGameCenter.h */,
				9B8440A51D548312003993C0 /* WZQGameCenter.m */,
				9B84406D1D548267003993C0 /* Supporting Files */,
			);
			path = "五子棋";
			sourceTree = "<group>";
		};
		9B84406D1D548267003993C0 /* Supporting Files */ = {
			isa = PBXGroup;
			children = (
				9B84406E1D548267003993C0 /* main.m */,
			);
			name = "Supporting Files";
			sourceTree = "<group>";
		};
		9B8440861D548267003993C0 /* 五子棋Tests */ = {
			isa = PBXGroup;
			children = (
				9B8440871D548267003993C0 /* ___Tests.m */,
				9B8440891D548267003993C0 /* Info.plist */,
			);
			path = "五子棋Tests";
			sourceTree = "<group>";
		};
		9B8440911D548267003993C0 /* 五子棋UITests */ = {
			isa = PBXGroup;
			children = (
				9B8440921D548267003993C0 /* ___UITests.m */,
				9B8440941D548267003993C0 /* Info.plist */,
			);
			path = "五子棋UITests";
			sourceTree = "<group>";
		};
/* End PBXGroup section */

/* Begin PBXNativeTarget section */
		9B8440691D548266003993C0 /* 五子棋 */ = {
			isa = PBXNativeTarget;
			buildConfigurationList = 9B8440971D548267003993C0 /* Build configuration list for PBXNativeTarget "五子棋" */;
			buildPhases = (
				9B8440661D548266003993C0 /* Sources */,
				9B8440671D548266003993C0 /* Frameworks */,
				9B8440681D548266003993C0 /* Resources */,
			);
			buildRules = (
			);
			dependencies = (
			);
			name = "五子棋";
			productName = "五子棋";
			productReference = 9B84406A1D548266003993C0 /* 五子棋.app */;
			productType = "com.apple.product-type.application";
		};
		9B8440821D548267003993C0 /* 五子棋Tests */ = {
			isa = PBXNativeTarget;
			buildConfigurationList = 9B84409A1D548267003993C0 /* Build configuration list for PBXNativeTarget "五子棋Tests" */;
			buildPhases = (
				9B84407F1D548267003993C0 /* Sources */,
				9B8440801D548267003993C0 /* Frameworks */,
				9B8440811D548267003993C0 /* Resources */,
			);
			buildRules = (
			);
			dependencies = (
				9B8440851D548267003993C0 /* PBXTargetDependency */,
			);
			name = "五子棋Tests";
			productName = "五子棋Tests";
			productReference = 9B8440831D548267003993C0 /* 五子棋Tests.xctest */;
			productType = "com.apple.product-type.bundle.unit-test";
		};
		9B84408D1D548267003993C0 /* 五子棋UITests */ = {
			isa = PBXNativeTarget;
			buildConfigurationList = 9B84409D1D548267003993C0 /* Build configuration list for PBXNativeTarget "五子棋UITests" */;
			buildPhases = (
				9B84408A1D548267003993C0 /* Sources */,
				9B84408B1D548267003993C0 /* Frameworks */,
				9B84408C1D548267003993C0 /* Resources */,
			);
			buildRules = (
			);
			dependencies = (
				9B8440901D548267003993C0 /* PBXTargetDependency */,
			);
			name = "五子棋UITests";
			productName = "五子棋UITests";
			productReference = 9B84408E1D548267003993C0 /* 五子棋UITests.xctest */;
			productType = "com.apple.product-type.bundle.ui-testing";
		};
/* End PBXNativeTarget section */

/* Begin PBXProject section */
		9B8440621D548266003993C0 /* Project object */ = {
			isa = PBXProject;
			attributes = {
				LastUpgradeCheck = 0720;
				ORGANIZATIONNAME = ucsmy;
				TargetAttributes = {
					9B8440691D548266003993C0 = {
						CreatedOnToolsVersion = 7.2.1;
						DevelopmentTeam = C4XNE6B7HD;
					};
					9B8440821D548267003993C0 = {
						CreatedOnToolsVersion = 7.2.1;
						TestTargetID = 9B8440691D548266003993C0;
					};
					9B84408D1D548267003993C0 = {
						CreatedOnToolsVersion = 7.2.1;
						TestTargetID = 9B8440691D548266003993C0;
					};
				};
			};
			buildConfigurationList = 9B8440651D548266003993C0 /* Build configuration list for PBXProject "五子棋" */;
			compatibilityVersion = "Xcode 3.2";
			developmentRegion = English;
			hasScannedForEncodings = 0;
			knownRegions = (
				English,
				en,
				Base,
			);
			mainGroup = 9B8440611D548266003993C0;
			productRefGroup = 9B84406B1D548266003993C0 /* Products */;
			projectDirPath = "";
			projectRoot = "";
			targets = (
				9B8440691D548266003993C0 /* 五子棋 */,
				9B8440821D548267003993C0 /* 五子棋Tests */,
				9B84408D1D548267003993C0 /* 五子棋UITests */,
			);
		};
/* End PBXProject section */

/* Begin PBXResourcesBuildPhase section */
		9B8440681D548266003993C0 /* Resources */ = {
			isa = PBXResourcesBuildPhase;
			buildActionMask = 2147483647;
			files = (
				9B84407D1D548267003993C0 /* LaunchScreen.storyboard in Resources */,
				9B84407A1D548267003993C0 /* Assets.xcassets in Resources */,
				9B8440781D548267003993C0 /* Main.storyboard in Resources */,
			);
			runOnlyForDeploymentPostprocessing = 0;
		};
		9B8440811D548267003993C0 /* Resources */ = {
			isa = PBXResourcesBuildPhase;
			buildActionMask = 2147483647;
			files = (
			);
			runOnlyForDeploymentPostprocessing = 0;
		};
		9B84408C1D548267003993C0 /* Resources */ = {
			isa = PBXResourcesBuildPhase;
			buildActionMask = 2147483647;
			files = (
			);
			runOnlyForDeploymentPostprocessing = 0;
		};
/* End PBXResourcesBuildPhase section */

/* Begin PBXSourcesBuildPhase section */
		9B8440661D548266003993C0 /* Sources */ = {
			isa = PBXSourcesBuildPhase;
			buildActionMask = 2147483647;
			files = (
				9B8440751D548267003993C0 /* ViewController.m in Sources */,
				9B8440721D548267003993C0 /* AppDelegate.m in Sources */,
				9B8440A61D548312003993C0 /* WZQalgorithmClass.m in Sources */,
				9B8440A71D548312003993C0 /* WZQElement.m in Sources */,
				9B8440A81D548312003993C0 /* WZQGameCenter.m in Sources */,
				9B84406F1D548267003993C0 /* main.m in Sources */,
			);
			runOnlyForDeploymentPostprocessing = 0;
		};
		9B84407F1D548267003993C0 /* Sources */ = {
			isa = PBXSourcesBuildPhase;
			buildActionMask = 2147483647;
			files = (
				9B8440881D548267003993C0 /* ___Tests.m in Sources */,
			);
			runOnlyForDeploymentPostprocessing = 0;
		};
		9B84408A1D548267003993C0 /* Sources */ = {
			isa = PBXSourcesBuildPhase;
			buildActionMask = 2147483647;
			files = (
				9B8440931D548267003993C0 /* ___UITests.m in Sources */,
			);
			runOnlyForDeploymentPostprocessing = 0;
		};
/* End PBXSourcesBuildPhase section */

/* Begin PBXTargetDependency section */
		9B8440851D548267003993C0 /* PBXTargetDependency */ = {
			isa = PBXTargetDependency;
			target = 9B8440691D548266003993C0 /* 五子棋 */;
			targetProxy = 9B8440841D548267003993C0 /* PBXContainerItemProxy */;
		};
		9B8440901D548267003993C0 /* PBXTargetDependency */ = {
			isa = PBXTargetDependency;
			target = 9B8440691D548266003993C0 /* 五子棋 */;
			targetProxy = 9B84408F1D548267003993C0 /* PBXContainerItemProxy */;
		};
/* End PBXTargetDependency section */

/* Begin PBXVariantGroup section */
		9B8440761D548267003993C0 /* Main.storyboard */ = {
			isa = PBXVariantGroup;
			children = (
				9B8440771D548267003993C0 /* Base */,
			);
			name = Main.storyboard;
			sourceTree = "<group>";
		};
		9B84407B1D548267003993C0 /* LaunchScreen.storyboard */ = {
			isa = PBXVariantGroup;
			children = (
				9B84407C1D548267003993C0 /* Base */,
			);
			name = LaunchScreen.storyboard;
			sourceTree = "<group>";
		};
/* End PBXVariantGroup section */

/* Begin XCBuildConfiguration section */
		9B8440951D548267003993C0 /* Debug */ = {
			isa = XCBuildConfiguration;
			buildSettings = {
				ALWAYS_SEARCH_USER_PATHS = NO;
				CLANG_CXX_LANGUAGE_STANDARD = "gnu++0x";
				CLANG_CXX_LIBRARY = "libc++";
				CLANG_ENABLE_MODULES = YES;
				CLANG_ENABLE_OBJC_ARC = YES;
				CLANG_WARN_BOOL_CONVERSION = YES;
				CLANG_WARN_CONSTANT_CONVERSION = YES;
				CLANG_WARN_DIRECT_OBJC_ISA_USAGE = YES_ERROR;
				CLANG_WARN_EMPTY_BODY = YES;
				CLANG_WARN_ENUM_CONVERSION = YES;
				CLANG_WARN_INT_CONVERSION = YES;
				CLANG_WARN_OBJC_ROOT_CLASS = YES_ERROR;
				CLANG_WARN_UNREACHABLE_CODE = YES;
				CLANG_WARN__DUPLICATE_METHOD_MATCH = YES;
				"CODE_SIGN_IDENTITY[sdk=iphoneos*]" = "iPhone Developer";
				COPY_PHASE_STRIP = NO;
				DEBUG_INFORMATION_FORMAT = dwarf;
				ENABLE_STRICT_OBJC_MSGSEND = YES;
				ENABLE_TESTABILITY = YES;
				GCC_C_LANGUAGE_STANDARD = gnu99;
				GCC_DYNAMIC_NO_PIC = NO;
				GCC_NO_COMMON_BLOCKS = YES;
				GCC_OPTIMIZATION_LEVEL = 0;
				GCC_PREPROCESSOR_DEFINITIONS = (
					"DEBUG=1",
					"$(inherited)",
				);
				GCC_WARN_64_TO_32_BIT_CONVERSION = YES;
				GCC_WARN_ABOUT_RETURN_TYPE = YES_ERROR;
				GCC_WARN_UNDECLARED_SELECTOR = YES;
				GCC_WARN_UNINITIALIZED_AUTOS = YES_AGGRESSIVE;
				GCC_WARN_UNUSED_FUNCTION = YES;
				GCC_WARN_UNUSED_VARIABLE = YES;
				IPHONEOS_DEPLOYMENT_TARGET = 9.2;
				MTL_ENABLE_DEBUG_INFO = YES;
				ONLY_ACTIVE_ARCH = YES;
				SDKROOT = iphoneos;
				TARGETED_DEVICE_FAMILY = "1,2";
			};
			name = Debug;
		};
		9B8440961D548267003993C0 /* Release */ = {
			isa = XCBuildConfiguration;
			buildSettings = {
				ALWAYS_SEARCH_USER_PATHS = NO;
				CLANG_CXX_LANGUAGE_STANDARD = "gnu++0x";
				CLANG_CXX_LIBRARY = "libc++";
				CLANG_ENABLE_MODULES = YES;
				CLANG_ENABLE_OBJC_ARC = YES;
				CLANG_WARN_BOOL_CONVERSION = YES;
				CLANG_WARN_CONSTANT_CONVERSION = YES;
				CLANG_WARN_DIRECT_OBJC_ISA_USAGE = YES_ERROR;
				CLANG_WARN_EMPTY_BODY = YES;
				CLANG_WARN_ENUM_CONVERSION = YES;
				CLANG_WARN_INT_CONVERSION = YES;
				CLANG_WARN_OBJC_ROOT_CLASS = YES_ERROR;
				CLANG_WARN_UNREACHABLE_CODE = YES;
				CLANG_WARN__DUPLICATE_METHOD_MATCH = YES;
				"CODE_SIGN_IDENTITY[sdk=iphoneos*]" = "iPhone Developer";
				COPY_PHASE_STRIP = NO;
				DEBUG_INFORMATION_FORMAT = "dwarf-with-dsym";
				ENABLE_NS_ASSERTIONS = NO;
				ENABLE_STRICT_OBJC_MSGSEND = YES;
				GCC_C_LANGUAGE_STANDARD = gnu99;
				GCC_NO_COMMON_BLOCKS = YES;
				GCC_WARN_64_TO_32_BIT_CONVERSION = YES;
				GCC_WARN_ABOUT_RETURN_TYPE = YES_ERROR;
				GCC_WARN_UNDECLARED_SELECTOR = YES;
				GCC_WARN_UNINITIALIZED_AUTOS = YES_AGGRESSIVE;
				GCC_WARN_UNUSED_FUNCTION = YES;
				GCC_WARN_UNUSED_VARIABLE = YES;
				IPHONEOS_DEPLOYMENT_TARGET = 9.2;
				MTL_ENABLE_DEBUG_INFO = NO;
				SDKROOT = iphoneos;
				TARGETED_DEVICE_FAMILY = "1,2";
				VALIDATE_PRODUCT = YES;
			};
			name = Release;
		};
		9B8440981D548267003993C0 /* Debug */ = {
			isa = XCBuildConfiguration;
			buildSettings = {
				ASSETCATALOG_COMPILER_APPICON_NAME = AppIcon;
				DEVELOPMENT_TEAM = C4XNE6B7HD;
				INFOPLIST_FILE = "五子棋/Info.plist";
				LD_RUNPATH_SEARCH_PATHS = "$(inherited) @executable_path/Frameworks";
				PRODUCT_BUNDLE_IDENTIFIER = "storyboard-demo.---";
				PRODUCT_NAME = "$(TARGET_NAME)";
			};
			name = Debug;
		};
		9B8440991D548267003993C0 /* Release */ = {
			isa = XCBuildConfiguration;
			buildSettings = {
				ASSETCATALOG_COMPILER_APPICON_NAME = AppIcon;
				DEVELOPMENT_TEAM = C4XNE6B7HD;
				INFOPLIST_FILE = "五子棋/Info.plist";
				LD_RUNPATH_SEARCH_PATHS = "$(inherited) @executable_path/Frameworks";
				PRODUCT_BUNDLE_IDENTIFIER = "storyboard-demo.---";
				PRODUCT_NAME = "$(TARGET_NAME)";
			};
			name = Release;
		};
		9B84409B1D548267003993C0 /* Debug */ = {
			isa = XCBuildConfiguration;
			buildSettings = {
				BUNDLE_LOADER = "$(TEST_HOST)";
				INFOPLIST_FILE = "五子棋Tests/Info.plist";
				LD_RUNPATH_SEARCH_PATHS = "$(inherited) @executable_path/Frameworks @loader_path/Frameworks";
				PRODUCT_BUNDLE_IDENTIFIER = "storyboard-demo.---Tests";
				PRODUCT_NAME = "$(TARGET_NAME)";
				TEST_HOST = "$(BUILT_PRODUCTS_DIR)/五子棋.app/五子棋";
			};
			name = Debug;
		};
		9B84409C1D548267003993C0 /* Release */ = {
			isa = XCBuildConfiguration;
			buildSettings = {
				BUNDLE_LOADER = "$(TEST_HOST)";
				INFOPLIST_FILE = "五子棋Tests/Info.plist";
				LD_RUNPATH_SEARCH_PATHS = "$(inherited) @executable_path/Frameworks @loader_path/Frameworks";
				PRODUCT_BUNDLE_IDENTIFIER = "storyboard-demo.---Tests";
				PRODUCT_NAME = "$(TARGET_NAME)";
				TEST_HOST = "$(BUILT_PRODUCTS_DIR)/五子棋.app/五子棋";
			};
			name = Release;
		};
		9B84409E1D548267003993C0 /* Debug */ = {
			isa = XCBuildConfiguration;
			buildSettings = {
				INFOPLIST_FILE = "五子棋UITests/Info.plist";
				LD_RUNPATH_SEARCH_PATHS = "$(inherited) @executable_path/Frameworks @loader_path/Frameworks";
				PRODUCT_BUNDLE_IDENTIFIER = "storyboard-demo.---UITests";
				PRODUCT_NAME = "$(TARGET_NAME)";
				TEST_TARGET_NAME = "五子棋";
				USES_XCTRUNNER = YES;
			};
			name = Debug;
		};
		9B84409F1D548267003993C0 /* Release */ = {
			isa = XCBuildConfiguration;
			buildSettings = {
				INFOPLIST_FILE = "五子棋UITests/Info.plist";
				LD_RUNPATH_SEARCH_PATHS = "$(inherited) @executable_path/Frameworks @loader_path/Frameworks";
				PRODUCT_BUNDLE_IDENTIFIER = "storyboard-demo.---UITests";
				PRODUCT_NAME = "$(TARGET_NAME)";
				TEST_TARGET_NAME = "五子棋";
				USES_XCTRUNNER = YES;
			};
			name = Release;
		};
/* End XCBuildConfiguration section */

/* Begin XCConfigurationList section */
		9B8440651D548266003993C0 /* Build configuration list for PBXProject "五子棋" */ = {
			isa = XCConfigurationList;
			buildConfigurations = (
				9B8440951D548267003993C0 /* Debug */,
				9B8440961D548267003993C0 /* Release */,
			);
			defaultConfigurationIsVisible = 0;
			defaultConfigurationName = Release;
		};
		9B8440971D548267003993C0 /* Build configuration list for PBXNativeTarget "五子棋" */ = {
			isa = XCConfigurationList;
			buildConfigurations = (
				9B8440981D548267003993C0 /* Debug */,
				9B8440991D548267003993C0 /* Release */,
			);
			defaultConfigurationIsVisible = 0;
			defaultConfigurationName = Release;
		};
		9B84409A1D548267003993C0 /* Build configuration list for PBXNativeTarget "五子棋Tests" */ = {
			isa = XCConfigurationList;
			buildConfigurations = (
				9B84409B1D548267003993C0 /* Debug */,
				9B84409C1D548267003993C0 /* Release */,
			);
			defaultConfigurationIsVisible = 0;
			defaultConfigurationName = Release;
		};
		9B84409D1D548267003993C0 /* Build configuration list for PBXNativeTarget "五子棋UITests" */ = {
			isa = XCConfigurationList;
			buildConfigurations = (
				9B84409E1D548267003993C0 /* Debug */,
				9B84409F1D548267003993C0 /* Release */,
			);
			defaultConfigurationIsVisible = 0;
			defaultConfigurationName = Release;
		};
/* End XCConfigurationList section */
	};
	rootObject = 9B8440621D548266003993C0 /* Project object */;
}
